Microsoft Visual Studio Solution File, Format Version 12.00
# Visual Studio Version 17
VisualStudioVersion = 17.5.2.0
MinimumVisualStudioVersion = 10.0.40219.1
Project("{FAE04EC0-301F-11D3-BF4B-00C04F79EFBC}") = "RetailInventorySystem", "RetailInventorySystem.csproj", "{D07C2CDE-EC79-BA6A-F249-AAC2A5BAD052}"
EndProject
Global
	GlobalSection(SolutionConfigurationPlatforms) = preSolution
		Debug|Any CPU = Debug|Any CPU
		Release|Any CPU = Release|Any CPU
	EndGlobalSection
	GlobalSection(ProjectConfigurationPlatforms) = postSolution
		{D07C2CDE-EC79-BA6A-F249-AAC2A5BAD052}.Debug|Any CPU.ActiveCfg = Debug|Any CPU
		{D07C2CDE-EC79-BA6A-F249-AAC2A5BAD052}.Debug|Any CPU.Build.0 = Debug|Any CPU
		{D07C2CDE-EC79-BA6A-F249-AAC2A5BAD052}.Release|Any CPU.ActiveCfg = Release|Any CPU
		{D07C2CDE-EC79-BA6A-F249-AAC2A5BAD052}.Release|Any CPU.Build.0 = Release|Any CPU
	EndGlobalSection
	GlobalSection(SolutionProperties) = preSolution
		HideSolutionNode = FALSE
	EndGlobalSection
	GlobalSection(ExtensibilityGlobals) = postSolution
		SolutionGuid = {D029B21F-DE02-4892-B036-A094A962F338}
	EndGlobalSection
EndGlobal
